// !$*UTF8*$!
{
	archiveVersion = 1;
	classes = {
	};
	objectVersion = 50;
	objects = {

/* Begin PBXBuildFile section */
		D4690A6F23C3973200FA6F84 /* AppDelegate.swift in Sources */ = {isa = PBXBuildFile; fileRef = D4690A6E23C3973200FA6F84 /* AppDelegate.swift */; };
		D4690A7123C3973200FA6F84 /* SceneDelegate.swift in Sources */ = {isa = PBXBuildFile; fileRef = D4690A7023C3973200FA6F84 /* SceneDelegate.swift */; };
		D4690A7323C3973200FA6F84 /* ViewController.swift in Sources */ = {isa = PBXBuildFile; fileRef = D4690A7223C3973200FA6F84 /* ViewController.swift */; };
		D4690A7623C3973200FA6F84 /* Main.storyboard in Resources */ = {isa = PBXBuildFile; fileRef = D4690A7423C3973200FA6F84 /* Main.storyboard */; };
		D4690A7823C3973A00FA6F84 /* Assets.xcassets in Resources */ = {isa = PBXBuildFile; fileRef = D4690A7723C3973A00FA6F84 /* Assets.xcassets */; };
		D4690A7B23C3973A00FA6F84 /* LaunchScreen.storyboard in Resources */ = {isa = PBXBuildFile; fileRef = D4690A7923C3973A00FA6F84 /* LaunchScreen.storyboard */; };
		D4690A8623C3973A00FA6F84 /* Address_BookTests.swift in Sources */ = {isa = PBXBuildFile; fileRef = D4690A8523C3973A00FA6F84 /* Address_BookTests.swift */; };
		D4690A9123C3973A00FA6F84 /* Address_BookUITests.swift in Sources */ = {isa = PBXBuildFile; fileRef = D4690A9023C3973A00FA6F84 /* Address_BookUITests.swift */; };
		D4690AA323C4FE1000FA6F84 /* LabelCell.xib in Resources */ = {isa = PBXBuildFile; fileRef = D4690AA123C4FE1000FA6F84 /* LabelCell.xib */; };
		D4690AA423C4FE1000FA6F84 /* LabelCell.xib in Resources */ = {isa = PBXBuildFile; fileRef = D4690AA123C4FE1000FA6F84 /* LabelCell.xib */; };
		D4690AA523C4FE1000FA6F84 /* LabelCell.xib in Resources */ = {isa = PBXBuildFile; fileRef = D4690AA123C4FE1000FA6F84 /* LabelCell.xib */; };
		D4690AA623C4FE1000FA6F84 /* LabelCell.swift in Sources */ = {isa = PBXBuildFile; fileRef = D4690AA223C4FE1000FA6F84 /* LabelCell.swift */; };
		D4690AA723C4FE1000FA6F84 /* LabelCell.swift in Sources */ = {isa = PBXBuildFile; fileRef = D4690AA223C4FE1000FA6F84 /* LabelCell.swift */; };
		D4690AA823C4FE1000FA6F84 /* LabelCell.swift in Sources */ = {isa = PBXBuildFile; fileRef = D4690AA223C4FE1000FA6F84 /* LabelCell.swift */; };
/* End PBXBuildFile section */

/* Begin PBXContainerItemProxy section */
		D4690A8223C3973A00FA6F84 /* PBXContainerItemProxy */ = {
			isa = PBXContainerItemProxy;
			containerPortal = D4690A6323C3973200FA6F84 /* Project object */;
			proxyType = 1;
			remoteGlobalIDString = D4690A6A23C3973200FA6F84;
			remoteInfo = "Address Book";
		};
		D4690A8D23C3973A00FA6F84 /* PBXContainerItemProxy */ = {
			isa = PBXContainerItemProxy;
			containerPortal = D4690A6323C3973200FA6F84 /* Project object */;
			proxyType = 1;
			remoteGlobalIDString = D4690A6A23C3973200FA6F84;
			remoteInfo = "Address Book";
		};
/* End PBXContainerItemProxy section */

/* Begin PBXFileReference section */
		D4690A6B23C3973200FA6F84 /* Address Book.app */ = {isa = PBXFileReference; explicitFileType = wrapper.application; includeInIndex = 0; path = "Address Book.app"; sourceTree = BUILT_PRODUCTS_DIR; };
		D4690A6E23C3973200FA6F84 /* AppDelegate.swift */ = {isa = PBXFileReference; lastKnownFileType = sourcecode.swift; path = AppDelegate.swift; sourceTree = "<group>"; };
		D4690A7023C3973200FA6F84 /* SceneDelegate.swift */ = {isa = PBXFileReference; lastKnownFileType = sourcecode.swift; path = SceneDelegate.swift; sourceTree = "<group>"; };
		D4690A7223C3973200FA6F84 /* ViewController.swift */ = {isa = PBXFileReference; lastKnownFileType = sourcecode.swift; path = ViewController.swift; sourceTree = "<group>"; };
		D4690A7523C3973200FA6F84 /* Base */ = {isa = PBXFileReference; lastKnownFileType = file.storyboard; name = Base; path = Base.lproj/Main.storyboard; sourceTree = "<group>"; };
		D4690A7723C3973A00FA6F84 /* Assets.xcassets */ = {isa = PBXFileReference; lastKnownFileType = folder.assetcatalog; path = Assets.xcassets; sourceTree = "<group>"; };
		D4690A7A23C3973A00FA6F84 /* Base */ = {isa = PBXFileReference; lastKnownFileType = file.storyboard; name = Base; path = Base.lproj/LaunchScreen.storyboard; sourceTree = "<group>"; };
		D4690A7C23C3973A00FA6F84 /* Info.plist */ = {isa = PBXFileReference; lastKnownFileType = text.plist.xml; path = Info.plist; sourceTree = "<group>"; };
		D4690A8123C3973A00FA6F84 /* Address BookTests.xctest */ = {isa = PBXFileReference; explicitFileType = wrapper.cfbundle; includeInIndex = 0; path = "Address BookTests.xctest"; sourceTree = BUILT_PRODUCTS_DIR; };
		D4690A8523C3973A00FA6F84 /* Address_BookTests.swift */ = {isa = PBXFileReference; lastKnownFileType = sourcecode.swift; path = Address_BookTests.swift; sourceTree = "<group>"; };
		D4690A8723C3973A00FA6F84 /* Info.plist */ = {isa = PBXFileReference; lastKnownFileType = text.plist.xml; path = Info.plist; sourceTree = "<group>"; };
		D4690A8C23C3973A00FA6F84 /* Address BookUITests.xctest */ = {isa = PBXFileReference; explicitFileType = wrapper.cfbundle; includeInIndex = 0; path = "Address BookUITests.xctest"; sourceTree = BUILT_PRODUCTS_DIR; };
		D4690A9023C3973A00FA6F84 /* Address_BookUITests.swift */ = {isa = PBXFileReference; lastKnownFileType = sourcecode.swift; path = Address_BookUITests.swift; sourceTree = "<group>"; };
		D4690A9223C3973A00FA6F84 /* Info.plist */ = {isa = PBXFileReference; lastKnownFileType = text.plist.xml; path = Info.plist; sourceTree = "<group>"; };
		D4690AA123C4FE1000FA6F84 /* LabelCell.xib */ = {isa = PBXFileReference; fileEncoding = 4; lastKnownFileType = file.xib; path = LabelCell.xib; sourceTree = "<group>"; };
		D4690AA223C4FE1000FA6F84 /* LabelCell.swift */ = {isa = PBXFileReference; fileEncoding = 4; lastKnownFileType = sourcecode.swift; path = LabelCell.swift; sourceTree = "<group>"; };
		D4690AAA23C50DEE00FA6F84 /* README.md */ = {isa = PBXFileReference; lastKnownFileType = net.daringfireball.markdown; path = README.md; sourceTree = "<group>"; };
/* End PBXFileReference section */

/* Begin PBXFrameworksBuildPhase section */
		D4690A6823C3973200FA6F84 /* Frameworks */ = {
			isa = PBXFrameworksBuildPhase;
			buildActionMask = 2147483647;
			files = (
			);
			runOnlyForDeploymentPostprocessing = 0;
		};
		D4690A7E23C3973A00FA6F84 /* Frameworks */ = {
			isa = PBXFrameworksBuildPhase;
			buildActionMask = 2147483647;
			files = (
			);
			runOnlyForDeploymentPostprocessing = 0;
		};
		D4690A8923C3973A00FA6F84 /* Frameworks */ = {
			isa = PBXFrameworksBuildPhase;
			buildActionMask = 2147483647;
			files = (
			);
			runOnlyForDeploymentPostprocessing = 0;
		};
/* End PBXFrameworksBuildPhase section */

/* Begin PBXGroup section */
		D4690A6223C3973200FA6F84 = {
			isa = PBXGroup;
			children = (
				D4690A6D23C3973200FA6F84 /* Address Book */,
				D4690A8423C3973A00FA6F84 /* Address BookTests */,
				D4690A8F23C3973A00FA6F84 /* Address BookUITests */,
				D4690A6C23C3973200FA6F84 /* Products */,
			);
			sourceTree = "<group>";
		};
		D4690A6C23C3973200FA6F84 /* Products */ = {
			isa = PBXGroup;
			children = (
				D4690A6B23C3973200FA6F84 /* Address Book.app */,
				D4690A8123C3973A00FA6F84 /* Address BookTests.xctest */,
				D4690A8C23C3973A00FA6F84 /* Address BookUITests.xctest */,
			);
			name = Products;
			sourceTree = "<group>";
		};
		D4690A6D23C3973200FA6F84 /* Address Book */ = {
			isa = PBXGroup;
			children = (
				D4690AA923C50DDB00FA6F84 /* Resources */,
				D4690AA023C4FE0300FA6F84 /* Cell */,
				D4690A6E23C3973200FA6F84 /* AppDelegate.swift */,
				D4690A7023C3973200FA6F84 /* SceneDelegate.swift */,
				D4690A7223C3973200FA6F84 /* ViewController.swift */,
				D4690A7423C3973200FA6F84 /* Main.storyboard */,
				D4690A7723C3973A00FA6F84 /* Assets.xcassets */,
				D4690A7923C3973A00FA6F84 /* LaunchScreen.storyboard */,
				D4690A7C23C3973A00FA6F84 /* Info.plist */,
			);
			path = "Address Book";
			sourceTree = "<group>";
		};
		D4690A8423C3973A00FA6F84 /* Address BookTests */ = {
			isa = PBXGroup;
			children = (
				D4690A8523C3973A00FA6F84 /* Address_BookTests.swift */,
				D4690A8723C3973A00FA6F84 /* Info.plist */,
			);
			path = "Address BookTests";
			sourceTree = "<group>";
		};
		D4690A8F23C3973A00FA6F84 /* Address BookUITests */ = {
			isa = PBXGroup;
			children = (
				D4690A9023C3973A00FA6F84 /* Address_BookUITests.swift */,
				D4690A9223C3973A00FA6F84 /* Info.plist */,
			);
			path = "Address BookUITests";
			sourceTree = "<group>";
		};
		D4690AA023C4FE0300FA6F84 /* Cell */ = {
			isa = PBXGroup;
			children = (
				D4690AA223C4FE1000FA6F84 /* LabelCell.swift */,
				D4690AA123C4FE1000FA6F84 /* LabelCell.xib */,
			);
			path = Cell;
			sourceTree = "<group>";
		};
		D4690AA923C50DDB00FA6F84 /* Resources */ = {
			isa = PBXGroup;
			children = (
				D4690AAA23C50DEE00FA6F84 /* README.md */,
			);
			path = Resources;
			sourceTree = "<group>";
		};
/* End PBXGroup section */

/* Begin PBXNativeTarget section */
		D4690A6A23C3973200FA6F84 /* Address Book */ = {
			isa = PBXNativeTarget;
			buildConfigurationList = D4690A9523C3973A00FA6F84 /* Build configuration list for PBXNativeTarget "Address Book" */;
			buildPhases = (
				D4690A6723C3973200FA6F84 /* Sources */,
				D4690A6823C3973200FA6F84 /* Frameworks */,
				D4690A6923C3973200FA6F84 /* Resources */,
			);
			buildRules = (
			);
			dependencies = (
			);
			name = "Address Book";
			productName = "Address Book";
			productReference = D4690A6B23C3973200FA6F84 /* Address Book.app */;
			productType = "com.apple.product-type.application";
		};
		D4690A8023C3973A00FA6F84 /* Address BookTests */ = {
			isa = PBXNativeTarget;
			buildConfigurationList = D4690A9823C3973A00FA6F84 /* Build configuration list for PBXNativeTarget "Address BookTests" */;
			buildPhases = (
				D4690A7D23C3973A00FA6F84 /* Sources */,
				D4690A7E23C3973A00FA6F84 /* Frameworks */,
				D4690A7F23C3973A00FA6F84 /* Resources */,
			);
			buildRules = (
			);
			dependencies = (
				D4690A8323C3973A00FA6F84 /* PBXTargetDependency */,
			);
			name = "Address BookTests";
			productName = "Address BookTests";
			productReference = D4690A8123C3973A00FA6F84 /* Address BookTests.xctest */;
			productType = "com.apple.product-type.bundle.unit-test";
		};
		D4690A8B23C3973A00FA6F84 /* Address BookUITests */ = {
			isa = PBXNativeTarget;
			buildConfigurationList = D4690A9B23C3973A00FA6F84 /* Build configuration list for PBXNativeTarget "Address BookUITests" */;
			buildPhases = (
				D4690A8823C3973A00FA6F84 /* Sources */,
				D4690A8923C3973A00FA6F84 /* Frameworks */,
				D4690A8A23C3973A00FA6F84 /* Resources */,
			);
			buildRules = (
			);
			dependencies = (
				D4690A8E23C3973A00FA6F84 /* PBXTargetDependency */,
			);
			name = "Address BookUITests";
			productName = "Address BookUITests";
			productReference = D4690A8C23C3973A00FA6F84 /* Address BookUITests.xctest */;
			productType = "com.apple.product-type.bundle.ui-testing";
		};
/* End PBXNativeTarget section */

/* Begin PBXProject section */
		D4690A6323C3973200FA6F84 /* Project object */ = {
			isa = PBXProject;
			attributes = {
				LastSwiftUpdateCheck = 1130;
				LastUpgradeCheck = 1130;
				ORGANIZATIONNAME = "Pawan Kumar";
				TargetAttributes = {
					D4690A6A23C3973200FA6F84 = {
						CreatedOnToolsVersion = 11.3;
					};
					D4690A8023C3973A00FA6F84 = {
						CreatedOnToolsVersion = 11.3;
						TestTargetID = D4690A6A23C3973200FA6F84;
					};
					D4690A8B23C3973A00FA6F84 = {
						CreatedOnToolsVersion = 11.3;
						TestTargetID = D4690A6A23C3973200FA6F84;
					};
				};
			};
			buildConfigurationList = D4690A6623C3973200FA6F84 /* Build configuration list for PBXProject "Address Book" */;
			compatibilityVersion = "Xcode 9.3";
			developmentRegion = en;
			hasScannedForEncodings = 0;
			knownRegions = (
				en,
				Base,
			);
			mainGroup = D4690A6223C3973200FA6F84;
			productRefGroup = D4690A6C23C3973200FA6F84 /* Products */;
			projectDirPath = "";
			projectRoot = "";
			targets = (
				D4690A6A23C3973200FA6F84 /* Address Book */,
				D4690A8023C3973A00FA6F84 /* Address BookTests */,
				D4690A8B23C3973A00FA6F84 /* Address BookUITests */,
			);
		};
/* End PBXProject section */

/* Begin PBXResourcesBuildPhase section */
		D4690A6923C3973200FA6F84 /* Resources */ = {
			isa = PBXResourcesBuildPhase;
			buildActionMask = 2147483647;
			files = (
				D4690A7B23C3973A00FA6F84 /* LaunchScreen.storyboard in Resources */,
				D4690A7823C3973A00FA6F84 /* Assets.xcassets in Resources */,
				D4690AA323C4FE1000FA6F84 /* LabelCell.xib in Resources */,
				D4690A7623C3973200FA6F84 /* Main.storyboard in Resources */,
			);
			runOnlyForDeploymentPostprocessing = 0;
		};
		D4690A7F23C3973A00FA6F84 /* Resources */ = {
			isa = PBXResourcesBuildPhase;
			buildActionMask = 2147483647;
			files = (
				D4690AA423C4FE1000FA6F84 /* LabelCell.xib in Resources */,
			);
			runOnlyForDeploymentPostprocessing = 0;
		};
		D4690A8A23C3973A00FA6F84 /* Resources */ = {
			isa = PBXResourcesBuildPhase;
			buildActionMask = 2147483647;
			files = (
				D4690AA523C4FE1000FA6F84 /* LabelCell.xib in Resources */,
			);
			runOnlyForDeploymentPostprocessing = 0;
		};
/* End PBXResourcesBuildPhase section */

/* Begin PBXSourcesBuildPhase section */
		D4690A6723C3973200FA6F84 /* Sources */ = {
			isa = PBXSourcesBuildPhase;
			buildActionMask = 2147483647;
			files = (
				D4690A7323C3973200FA6F84 /* ViewController.swift in Sources */,
				D4690A6F23C3973200FA6F84 /* AppDelegate.swift in Sources */,
				D4690AA623C4FE1000FA6F84 /* LabelCell.swift in Sources */,
				D4690A7123C3973200FA6F84 /* SceneDelegate.swift in Sources */,
			);
			runOnlyForDeploymentPostprocessing = 0;
		};
		D4690A7D23C3973A00FA6F84 /* Sources */ = {
			isa = PBXSourcesBuildPhase;
			buildActionMask = 2147483647;
			files = (
				D4690AA723C4FE1000FA6F84 /* LabelCell.swift in Sources */,
				D4690A8623C3973A00FA6F84 /* Address_BookTests.swift in Sources */,
			);
			runOnlyForDeploymentPostprocessing = 0;
		};
		D4690A8823C3973A00FA6F84 /* Sources */ = {
			isa = PBXSourcesBuildPhase;
			buildActionMask = 2147483647;
			files = (
				D4690AA823C4FE1000FA6F84 /* LabelCell.swift in Sources */,
				D4690A9123C3973A00FA6F84 /* Address_BookUITests.swift in Sources */,
			);
			runOnlyForDeploymentPostprocessing = 0;
		};
/* End PBXSourcesBuildPhase section */

/* Begin PBXTargetDependency section */
		D4690A8323C3973A00FA6F84 /* PBXTargetDependency */ = {
			isa = PBXTargetDependency;
			target = D4690A6A23C3973200FA6F84 /* Address Book */;
			targetProxy = D4690A8223C3973A00FA6F84 /* PBXContainerItemProxy */;
		};
		D4690A8E23C3973A00FA6F84 /* PBXTargetDependency */ = {
			isa = PBXTargetDependency;
			target = D4690A6A23C3973200FA6F84 /* Address Book */;
			targetProxy = D4690A8D23C3973A00FA6F84 /* PBXContainerItemProxy */;
		};
/* End PBXTargetDependency section */

/* Begin PBXVariantGroup section */
		D4690A7423C3973200FA6F84 /* Main.storyboard */ = {
			isa = PBXVariantGroup;
			children = (
				D4690A7523C3973200FA6F84 /* Base */,
			);
			name = Main.storyboard;
			sourceTree = "<group>";
		};
		D4690A7923C3973A00FA6F84 /* LaunchScreen.storyboard */ = {
			isa = PBXVariantGroup;
			children = (
				D4690A7A23C3973A00FA6F84 /* Base */,
			);
			name = LaunchScreen.storyboard;
			sourceTree = "<group>";
		};
/* End PBXVariantGroup section */

/* Begin XCBuildConfiguration section */
		D4690A9323C3973A00FA6F84 /* Debug */ = {
			isa = XCBuildConfiguration;
			buildSettings = {
				ALWAYS_SEARCH_USER_PATHS = NO;
				CLANG_ANALYZER_NONNULL = YES;
				CLANG_ANALYZER_NUMBER_OBJECT_CONVERSION = YES_AGGRESSIVE;
				CLANG_CXX_LANGUAGE_STANDARD = "gnu++14";
				CLANG_CXX_LIBRARY = "libc++";
				CLANG_ENABLE_MODULES = YES;
				CLANG_ENABLE_OBJC_ARC = YES;
				CLANG_ENABLE_OBJC_WEAK = YES;
				CLANG_WARN_BLOCK_CAPTURE_AUTORELEASING = YES;
				CLANG_WARN_BOOL_CONVERSION = YES;
				CLANG_WARN_COMMA = YES;
				CLANG_WARN_CONSTANT_CONVERSION = YES;
				CLANG_WARN_DEPRECATED_OBJC_IMPLEMENTATIONS = YES;
				CLANG_WARN_DIRECT_OBJC_ISA_USAGE = YES_ERROR;
				CLANG_WARN_DOCUMENTATION_COMMENTS = YES;
				CLANG_WARN_EMPTY_BODY = YES;
				CLANG_WARN_ENUM_CONVERSION = YES;
				CLANG_WARN_INFINITE_RECURSION = YES;
				CLANG_WARN_INT_CONVERSION = YES;
				CLANG_WARN_NON_LITERAL_NULL_CONVERSION = YES;
				CLANG_WARN_OBJC_IMPLICIT_RETAIN_SELF = YES;
				CLANG_WARN_OBJC_LITERAL_CONVERSION = YES;
				CLANG_WARN_OBJC_ROOT_CLASS = YES_ERROR;
				CLANG_WARN_RANGE_LOOP_ANALYSIS = YES;
				CLANG_WARN_STRICT_PROTOTYPES = YES;
				CLANG_WARN_SUSPICIOUS_MOVE = YES;
				CLANG_WARN_UNGUARDED_AVAILABILITY = YES_AGGRESSIVE;
				CLANG_WARN_UNREACHABLE_CODE = YES;
				CLANG_WARN__DUPLICATE_METHOD_MATCH = YES;
				COPY_PHASE_STRIP = NO;
				DEBUG_INFORMATION_FORMAT = dwarf;
				ENABLE_STRICT_OBJC_MSGSEND = YES;
				ENABLE_TESTABILITY = YES;
				GCC_C_LANGUAGE_STANDARD = gnu11;
				GCC_DYNAMIC_NO_PIC = NO;
				GCC_NO_COMMON_BLOCKS = YES;
				GCC_OPTIMIZATION_LEVEL = 0;
				GCC_PREPROCESSOR_DEFINITIONS = (
					"DEBUG=1",
					"$(inherited)",
				);
				GCC_WARN_64_TO_32_BIT_CONVERSION = YES;
				GCC_WARN_ABOUT_RETURN_TYPE = YES_ERROR;
				GCC_WARN_UNDECLARED_SELECTOR = YES;
				GCC_WARN_UNINITIALIZED_AUTOS = YES_AGGRESSIVE;
				GCC_WARN_UNUSED_FUNCTION = YES;
				GCC_WARN_UNUSED_VARIABLE = YES;
				IPHONEOS_DEPLOYMENT_TARGET = 13.2;
				MTL_ENABLE_DEBUG_INFO = INCLUDE_SOURCE;
				MTL_FAST_MATH = YES;
				ONLY_ACTIVE_ARCH = YES;
				SDKROOT = iphoneos;
				SWIFT_ACTIVE_COMPILATION_CONDITIONS = DEBUG;
				SWIFT_OPTIMIZATION_LEVEL = "-Onone";
			};
			name = Debug;
		};
		D4690A9423C3973A00FA6F84 /* Release */ = {
			isa = XCBuildConfiguration;
			buildSettings = {
				ALWAYS_SEARCH_USER_PATHS = NO;
				CLANG_ANALYZER_NONNULL = YES;
				CLANG_ANALYZER_NUMBER_OBJECT_CONVERSION = YES_AGGRESSIVE;
				CLANG_CXX_LANGUAGE_STANDARD = "gnu++14";
				CLANG_CXX_LIBRARY = "libc++";
				CLANG_ENABLE_MODULES = YES;
				CLANG_ENABLE_OBJC_ARC = YES;
				CLANG_ENABLE_OBJC_WEAK = YES;
				CLANG_WARN_BLOCK_CAPTURE_AUTORELEASING = YES;
				CLANG_WARN_BOOL_CONVERSION = YES;
				CLANG_WARN_COMMA = YES;
				CLANG_WARN_CONSTANT_CONVERSION = YES;
				CLANG_WARN_DEPRECATED_OBJC_IMPLEMENTATIONS = YES;
				CLANG_WARN_DIRECT_OBJC_ISA_USAGE = YES_ERROR;
				CLANG_WARN_DOCUMENTATION_COMMENTS = YES;
				CLANG_WARN_EMPTY_BODY = YES;
				CLANG_WARN_ENUM_CONVERSION = YES;
				CLANG_WARN_INFINITE_RECURSION = YES;
				CLANG_WARN_INT_CONVERSION = YES;
				CLANG_WARN_NON_LITERAL_NULL_CONVERSION = YES;
				CLANG_WARN_OBJC_IMPLICIT_RETAIN_SELF = YES;
				CLANG_WARN_OBJC_LITERAL_CONVERSION = YES;
				CLANG_WARN_OBJC_ROOT_CLASS = YES_ERROR;
				CLANG_WARN_RANGE_LOOP_ANALYSIS = YES;
				CLANG_WARN_STRICT_PROTOTYPES = YES;
				CLANG_WARN_SUSPICIOUS_MOVE = YES;
				CLANG_WARN_UNGUARDED_AVAILABILITY = YES_AGGRESSIVE;
				CLANG_WARN_UNREACHABLE_CODE = YES;
				CLANG_WARN__DUPLICATE_METHOD_MATCH = YES;
				COPY_PHASE_STRIP = NO;
				DEBUG_INFORMATION_FORMAT = "dwarf-with-dsym";
				ENABLE_NS_ASSERTIONS = NO;
				ENABLE_STRICT_OBJC_MSGSEND = YES;
				GCC_C_LANGUAGE_STANDARD = gnu11;
				GCC_NO_COMMON_BLOCKS = YES;
				GCC_WARN_64_TO_32_BIT_CONVERSION = YES;
				GCC_WARN_ABOUT_RETURN_TYPE = YES_ERROR;
				GCC_WARN_UNDECLARED_SELECTOR = YES;
				GCC_WARN_UNINITIALIZED_AUTOS = YES_AGGRESSIVE;
				GCC_WARN_UNUSED_FUNCTION = YES;
				GCC_WARN_UNUSED_VARIABLE = YES;
				IPHONEOS_DEPLOYMENT_TARGET = 13.2;
				MTL_ENABLE_DEBUG_INFO = NO;
				MTL_FAST_MATH = YES;
				SDKROOT = iphoneos;
				SWIFT_COMPILATION_MODE = wholemodule;
				SWIFT_OPTIMIZATION_LEVEL = "-O";
				VALIDATE_PRODUCT = YES;
			};
			name = Release;
		};
		D4690A9623C3973A00FA6F84 /* Debug */ = {
			isa = XCBuildConfiguration;
			buildSettings = {
				ASSETCATALOG_COMPILER_APPICON_NAME = AppIcon;
				CODE_SIGN_STYLE = Automatic;
				INFOPLIST_FILE = "Address Book/Info.plist";
				LD_RUNPATH_SEARCH_PATHS = (
					"$(inherited)",
					"@executable_path/Frameworks",
				);
				PRODUCT_BUNDLE_IDENTIFIER = "com.pk.poc.Address-Book";
				PRODUCT_NAME = "$(TARGET_NAME)";
				SWIFT_VERSION = 5.0;
				TARGETED_DEVICE_FAMILY = "1,2";
			};
			name = Debug;
		};
		D4690A9723C3973A00FA6F84 /* Release */ = {
			isa = XCBuildConfiguration;
			buildSettings = {
				ASSETCATALOG_COMPILER_APPICON_NAME = AppIcon;
				CODE_SIGN_STYLE = Automatic;
				INFOPLIST_FILE = "Address Book/Info.plist";
				LD_RUNPATH_SEARCH_PATHS = (
					"$(inherited)",
					"@executable_path/Frameworks",
				);
				PRODUCT_BUNDLE_IDENTIFIER = "com.pk.poc.Address-Book";
				PRODUCT_NAME = "$(TARGET_NAME)";
				SWIFT_VERSION = 5.0;
				TARGETED_DEVICE_FAMILY = "1,2";
			};
			name = Release;
		};
		D4690A9923C3973A00FA6F84 /* Debug */ = {
			isa = XCBuildConfiguration;
			buildSettings = {
				ALWAYS_EMBED_SWIFT_STANDARD_LIBRARIES = YES;
				BUNDLE_LOADER = "$(TEST_HOST)";
				CODE_SIGN_STYLE = Automatic;
				INFOPLIST_FILE = "Address BookTests/Info.plist";
				IPHONEOS_DEPLOYMENT_TARGET = 13.2;
				LD_RUNPATH_SEARCH_PATHS = (
					"$(inherited)",
					"@executable_path/Frameworks",
					"@loader_path/Frameworks",
				);
				PRODUCT_BUNDLE_IDENTIFIER = "com.pk.poc.Address-BookTests";
				PRODUCT_NAME = "$(TARGET_NAME)";
				SWIFT_VERSION = 5.0;
				TARGETED_DEVICE_FAMILY = "1,2";
				TEST_HOST = "$(BUILT_PRODUCTS_DIR)/Address Book.app/Address Book";
			};
			name = Debug;
		};
		D4690A9A23C3973A00FA6F84 /* Release */ = {
			isa = XCBuildConfiguration;
			buildSettings = {
				ALWAYS_EMBED_SWIFT_STANDARD_LIBRARIES = YES;
				BUNDLE_LOADER = "$(TEST_HOST)";
				CODE_SIGN_STYLE = Automatic;
				INFOPLIST_FILE = "Address BookTests/Info.plist";
				IPHONEOS_DEPLOYMENT_TARGET = 13.2;
				LD_RUNPATH_SEARCH_PATHS = (
					"$(inherited)",
					"@executable_path/Frameworks",
					"@loader_path/Frameworks",
				);
				PRODUCT_BUNDLE_IDENTIFIER = "com.pk.poc.Address-BookTests";
				PRODUCT_NAME = "$(TARGET_NAME)";
				SWIFT_VERSION = 5.0;
				TARGETED_DEVICE_FAMILY = "1,2";
				TEST_HOST = "$(BUILT_PRODUCTS_DIR)/Address Book.app/Address Book";
			};
			name = Release;
		};
		D4690A9C23C3973A00FA6F84 /* Debug */ = {
			isa = XCBuildConfiguration;
			buildSettings = {
				ALWAYS_EMBED_SWIFT_STANDARD_LIBRARIES = YES;
				CODE_SIGN_STYLE = Automatic;
				INFOPLIST_FILE = "Address BookUITests/Info.plist";
				LD_RUNPATH_SEARCH_PATHS = (
					"$(inherited)",
					"@executable_path/Frameworks",
					"@loader_path/Frameworks",
				);
				PRODUCT_BUNDLE_IDENTIFIER = "com.pk.poc.Address-BookUITests";
				PRODUCT_NAME = "$(TARGET_NAME)";
				SWIFT_VERSION = 5.0;
				TARGETED_DEVICE_FAMILY = "1,2";
				TEST_TARGET_NAME = "Address Book";
			};
			name = Debug;
		};
		D4690A9D23C3973A00FA6F84 /* Release */ = {
			isa = XCBuildConfiguration;
			buildSettings = {
				ALWAYS_EMBED_SWIFT_STANDARD_LIBRARIES = YES;
				CODE_SIGN_STYLE = Automatic;
				INFOPLIST_FILE = "Address BookUITests/Info.plist";
				LD_RUNPATH_SEARCH_PATHS = (
					"$(inherited)",
					"@executable_path/Frameworks",
					"@loader_path/Frameworks",
				);
				PRODUCT_BUNDLE_IDENTIFIER = "com.pk.poc.Address-BookUITests";
				PRODUCT_NAME = "$(TARGET_NAME)";
				SWIFT_VERSION = 5.0;
				TARGETED_DEVICE_FAMILY = "1,2";
				TEST_TARGET_NAME = "Address Book";
			};
			name = Release;
		};
/* End XCBuildConfiguration section */

/* Begin XCConfigurationList section */
		D4690A6623C3973200FA6F84 /* Build configuration list for PBXProject "Address Book" */ = {
			isa = XCConfigurationList;
			buildConfigurations = (
				D4690A9323C3973A00FA6F84 /* Debug */,
				D4690A9423C3973A00FA6F84 /* Release */,
			);
			defaultConfigurationIsVisible = 0;
			defaultConfigurationName = Release;
		};
		D4690A9523C3973A00FA6F84 /* Build configuration list for PBXNativeTarget "Address Book" */ = {
			isa = XCConfigurationList;
			buildConfigurations = (
				D4690A9623C3973A00FA6F84 /* Debug */,
				D4690A9723C3973A00FA6F84 /* Release */,
			);
			defaultConfigurationIsVisible = 0;
			defaultConfigurationName = Release;
		};
		D4690A9823C3973A00FA6F84 /* Build configuration list for PBXNativeTarget "Address BookTests" */ = {
			isa = XCConfigurationList;
			buildConfigurations = (
				D4690A9923C3973A00FA6F84 /* Debug */,
				D4690A9A23C3973A00FA6F84 /* Release */,
			);
			defaultConfigurationIsVisible = 0;
			defaultConfigurationName = Release;
		};
		D4690A9B23C3973A00FA6F84 /* Build configuration list for PBXNativeTarget "Address BookUITests" */ = {
			isa = XCConfigurationList;
			buildConfigurations = (
				D4690A9C23C3973A00FA6F84 /* Debug */,
				D4690A9D23C3973A00FA6F84 /* Release */,
			);
			defaultConfigurationIsVisible = 0;
			defaultConfigurationName = Release;
		};
/* End XCConfigurationList section */
	};
	rootObject = D4690A6323C3973200FA6F84 /* Project object */;
}
